
Microsoft Visual Studio Solution File, Format Version 12.00
# Visual Studio Version 16
VisualStudioVersion = 16.0.29721.120
MinimumVisualStudioVersion = 10.0.40219.1
Project("{9A19103F-16F7-4668-BE54-9A1E7A4F7556}") = "LaymarClientSide.Server", "LaymarClientSide\Server\LaymarClientSide.Server.csproj", "{0E19A521-91B4-4A54-9241-255E0690F3E8}"
EndProject
Project("{9A19103F-16F7-4668-BE54-9A1E7A4F7556}") = "LaymarClientSide.Client", "LaymarClientSide\Client\LaymarClientSide.Client.csproj", "{EC20EC7F-42EB-4818-9A88-58A8E9B5D985}"
EndProject
Project("{9A19103F-16F7-4668-BE54-9A1E7A4F7556}") = "LaymarClientSide.Shared", "LaymarClientSide\Shared\LaymarClientSide.Shared.csproj", "{0B442CB9-10F0-4672-A602-67F0F633FCEB}"
EndProject
Global
	GlobalSection(SolutionConfigurationPlatforms) = preSolution
		Debug|Any CPU = Debug|Any CPU
		Release|Any CPU = Release|Any CPU
	EndGlobalSection
	GlobalSection(ProjectConfigurationPlatforms) = postSolution
		{0E19A521-91B4-4A54-9241-255E0690F3E8}.Debug|Any CPU.ActiveCfg = Debug|Any CPU
		{0E19A521-91B4-4A54-9241-255E0690F3E8}.Debug|Any CPU.Build.0 = Debug|Any CPU
		{0E19A521-91B4-4A54-9241-255E0690F3E8}.Release|Any CPU.ActiveCfg = Release|Any CPU
		{0E19A521-91B4-4A54-9241-255E0690F3E8}.Release|Any CPU.Build.0 = Release|Any CPU
		{EC20EC7F-42EB-4818-9A88-58A8E9B5D985}.Debug|Any CPU.ActiveCfg = Debug|Any CPU
		{EC20EC7F-42EB-4818-9A88-58A8E9B5D985}.Debug|Any CPU.Build.0 = Debug|Any CPU
		{EC20EC7F-42EB-4818-9A88-58A8E9B5D985}.Release|Any CPU.ActiveCfg = Release|Any CPU
		{EC20EC7F-42EB-4818-9A88-58A8E9B5D985}.Release|Any CPU.Build.0 = Release|Any CPU
		{0B442CB9-10F0-4672-A602-67F0F633FCEB}.Debug|Any CPU.ActiveCfg = Debug|Any CPU
		{0B442CB9-10F0-4672-A602-67F0F633FCEB}.Debug|Any CPU.Build.0 = Debug|Any CPU
		{0B442CB9-10F0-4672-A602-67F0F633FCEB}.Release|Any CPU.ActiveCfg = Release|Any CPU
		{0B442CB9-10F0-4672-A602-67F0F633FCEB}.Release|Any CPU.Build.0 = Release|Any CPU
	EndGlobalSection
	GlobalSection(SolutionProperties) = preSolution
		HideSolutionNode = FALSE
	EndGlobalSection
	GlobalSection(ExtensibilityGlobals) = postSolution
		SolutionGuid = {A73B6046-0FF5-4419-9D61-D753B66D8795}
	EndGlobalSection
EndGlobal
